// !$*UTF8*$!
{
	archiveVersion = 1;
	classes = {
	};
	objectVersion = 56;
	objects = {

/* Begin PBXBuildFile section */
		33FA173C296E71AC0062ABA9 /* AppDelegate.swift in Sources */ = {isa = PBXBuildFile; fileRef = 33FA173B296E71AC0062ABA9 /* AppDelegate.swift */; };
		33FA173E296E71AC0062ABA9 /* SceneDelegate.swift in Sources */ = {isa = PBXBuildFile; fileRef = 33FA173D296E71AC0062ABA9 /* SceneDelegate.swift */; };
		33FA1743296E71AC0062ABA9 /* Main.storyboard in Resources */ = {isa = PBXBuildFile; fileRef = 33FA1741296E71AC0062ABA9 /* Main.storyboard */; };
		33FA1745296E71AC0062ABA9 /* Assets.xcassets in Resources */ = {isa = PBXBuildFile; fileRef = 33FA1744296E71AC0062ABA9 /* Assets.xcassets */; };
		33FA1748296E71AC0062ABA9 /* LaunchScreen.storyboard in Resources */ = {isa = PBXBuildFile; fileRef = 33FA1746296E71AC0062ABA9 /* LaunchScreen.storyboard */; };
		33FA1752296E735A0062ABA9 /* FoodTableViewControlleTableViewController.swift in Sources */ = {isa = PBXBuildFile; fileRef = 33FA1751296E735A0062ABA9 /* FoodTableViewControlleTableViewController.swift */; };
		33FA1754296E73760062ABA9 /* Meal.swift in Sources */ = {isa = PBXBuildFile; fileRef = 33FA1753296E73760062ABA9 /* Meal.swift */; };
		33FA1756296E73830062ABA9 /* Food.swift in Sources */ = {isa = PBXBuildFile; fileRef = 33FA1755296E73830062ABA9 /* Food.swift */; };
/* End PBXBuildFile section */

/* Begin PBXFileReference section */
		33FA1738296E71AC0062ABA9 /* Tabel View.app */ = {isa = PBXFileReference; explicitFileType = wrapper.application; includeInIndex = 0; path = "Tabel View.app"; sourceTree = BUILT_PRODUCTS_DIR; };
		33FA173B296E71AC0062ABA9 /* AppDelegate.swift */ = {isa = PBXFileReference; lastKnownFileType = sourcecode.swift; path = AppDelegate.swift; sourceTree = "<group>"; };
		33FA173D296E71AC0062ABA9 /* SceneDelegate.swift */ = {isa = PBXFileReference; lastKnownFileType = sourcecode.swift; path = SceneDelegate.swift; sourceTree = "<group>"; };
		33FA1742296E71AC0062ABA9 /* Base */ = {isa = PBXFileReference; lastKnownFileType = file.storyboard; name = Base; path = Base.lproj/Main.storyboard; sourceTree = "<group>"; };
		33FA1744296E71AC0062ABA9 /* Assets.xcassets */ = {isa = PBXFileReference; lastKnownFileType = folder.assetcatalog; path = Assets.xcassets; sourceTree = "<group>"; };
		33FA1747296E71AC0062ABA9 /* Base */ = {isa = PBXFileReference; lastKnownFileType = file.storyboard; name = Base; path = Base.lproj/LaunchScreen.storyboard; sourceTree = "<group>"; };
		33FA1749296E71AC0062ABA9 /* Info.plist */ = {isa = PBXFileReference; lastKnownFileType = text.plist.xml; path = Info.plist; sourceTree = "<group>"; };
		33FA1751296E735A0062ABA9 /* FoodTableViewControlleTableViewController.swift */ = {isa = PBXFileReference; lastKnownFileType = sourcecode.swift; path = FoodTableViewControlleTableViewController.swift; sourceTree = "<group>"; };
		33FA1753296E73760062ABA9 /* Meal.swift */ = {isa = PBXFileReference; lastKnownFileType = sourcecode.swift; path = Meal.swift; sourceTree = "<group>"; };
		33FA1755296E73830062ABA9 /* Food.swift */ = {isa = PBXFileReference; lastKnownFileType = sourcecode.swift; path = Food.swift; sourceTree = "<group>"; };
/* End PBXFileReference section */

/* Begin PBXFrameworksBuildPhase section */
		33FA1735296E71AC0062ABA9 /* Frameworks */ = {
			isa = PBXFrameworksBuildPhase;
			buildActionMask = 2147483647;
			files = (
			);
			runOnlyForDeploymentPostprocessing = 0;
		};
/* End PBXFrameworksBuildPhase section */

/* Begin PBXGroup section */
		33FA172F296E71AC0062ABA9 = {
			isa = PBXGroup;
			children = (
				33FA173A296E71AC0062ABA9 /* Tabel View */,
				33FA1739296E71AC0062ABA9 /* Products */,
			);
			sourceTree = "<group>";
		};
		33FA1739296E71AC0062ABA9 /* Products */ = {
			isa = PBXGroup;
			children = (
				33FA1738296E71AC0062ABA9 /* Tabel View.app */,
			);
			name = Products;
			sourceTree = "<group>";
		};
		33FA173A296E71AC0062ABA9 /* Tabel View */ = {
			isa = PBXGroup;
			children = (
				33FA173B296E71AC0062ABA9 /* AppDelegate.swift */,
				33FA173D296E71AC0062ABA9 /* SceneDelegate.swift */,
				33FA1753296E73760062ABA9 /* Meal.swift */,
				33FA1755296E73830062ABA9 /* Food.swift */,
				33FA1751296E735A0062ABA9 /* FoodTableViewControlleTableViewController.swift */,
				33FA1741296E71AC0062ABA9 /* Main.storyboard */,
				33FA1744296E71AC0062ABA9 /* Assets.xcassets */,
				33FA1746296E71AC0062ABA9 /* LaunchScreen.storyboard */,
				33FA1749296E71AC0062ABA9 /* Info.plist */,
			);
			path = "Tabel View";
			sourceTree = "<group>";
		};
/* End PBXGroup section */

/* Begin PBXNativeTarget section */
		33FA1737296E71AC0062ABA9 /* Tabel View */ = {
			isa = PBXNativeTarget;
			buildConfigurationList = 33FA174C296E71AC0062ABA9 /* Build configuration list for PBXNativeTarget "Tabel View" */;
			buildPhases = (
				33FA1734296E71AC0062ABA9 /* Sources */,
				33FA1735296E71AC0062ABA9 /* Frameworks */,
				33FA1736296E71AC0062ABA9 /* Resources */,
			);
			buildRules = (
			);
			dependencies = (
			);
			name = "Tabel View";
			productName = "Tabel View";
			productReference = 33FA1738296E71AC0062ABA9 /* Tabel View.app */;
			productType = "com.apple.product-type.application";
		};
/* End PBXNativeTarget section */

/* Begin PBXProject section */
		33FA1730296E71AC0062ABA9 /* Project object */ = {
			isa = PBXProject;
			attributes = {
				BuildIndependentTargetsInParallel = 1;
				LastSwiftUpdateCheck = 1420;
				LastUpgradeCheck = 1420;
				TargetAttributes = {
					33FA1737296E71AC0062ABA9 = {
						CreatedOnToolsVersion = 14.2;
					};
				};
			};
			buildConfigurationList = 33FA1733296E71AC0062ABA9 /* Build configuration list for PBXProject "Tabel View" */;
			compatibilityVersion = "Xcode 14.0";
			developmentRegion = en;
			hasScannedForEncodings = 0;
			knownRegions = (
				en,
				Base,
			);
			mainGroup = 33FA172F296E71AC0062ABA9;
			productRefGroup = 33FA1739296E71AC0062ABA9 /* Products */;
			projectDirPath = "";
			projectRoot = "";
			targets = (
				33FA1737296E71AC0062ABA9 /* Tabel View */,
			);
		};
/* End PBXProject section */

/* Begin PBXResourcesBuildPhase section */
		33FA1736296E71AC0062ABA9 /* Resources */ = {
			isa = PBXResourcesBuildPhase;
			buildActionMask = 2147483647;
			files = (
				33FA1748296E71AC0062ABA9 /* LaunchScreen.storyboard in Resources */,
				33FA1745296E71AC0062ABA9 /* Assets.xcassets in Resources */,
				33FA1743296E71AC0062ABA9 /* Main.storyboard in Resources */,
			);
			runOnlyForDeploymentPostprocessing = 0;
		};
/* End PBXResourcesBuildPhase section */

/* Begin PBXSourcesBuildPhase section */
		33FA1734296E71AC0062ABA9 /* Sources */ = {
			isa = PBXSourcesBuildPhase;
			buildActionMask = 2147483647;
			files = (
				33FA1754296E73760062ABA9 /* Meal.swift in Sources */,
				33FA173C296E71AC0062ABA9 /* AppDelegate.swift in Sources */,
				33FA1756296E73830062ABA9 /* Food.swift in Sources */,
				33FA1752296E735A0062ABA9 /* FoodTableViewControlleTableViewController.swift in Sources */,
				33FA173E296E71AC0062ABA9 /* SceneDelegate.swift in Sources */,
			);
			runOnlyForDeploymentPostprocessing = 0;
		};
/* End PBXSourcesBuildPhase section */

/* Begin PBXVariantGroup section */
		33FA1741296E71AC0062ABA9 /* Main.storyboard */ = {
			isa = PBXVariantGroup;
			children = (
				33FA1742296E71AC0062ABA9 /* Base */,
			);
			name = Main.storyboard;
			sourceTree = "<group>";
		};
		33FA1746296E71AC0062ABA9 /* LaunchScreen.storyboard */ = {
			isa = PBXVariantGroup;
			children = (
				33FA1747296E71AC0062ABA9 /* Base */,
			);
			name = LaunchScreen.storyboard;
			sourceTree = "<group>";
		};
/* End PBXVariantGroup section */

/* Begin XCBuildConfiguration section */
		33FA174A296E71AC0062ABA9 /* Debug */ = {
			isa = XCBuildConfiguration;
			buildSettings = {
				ALWAYS_SEARCH_USER_PATHS = NO;
				CLANG_ANALYZER_NONNULL = YES;
				CLANG_ANALYZER_NUMBER_OBJECT_CONVERSION = YES_AGGRESSIVE;
				CLANG_CXX_LANGUAGE_STANDARD = "gnu++20";
				CLANG_ENABLE_MODULES = YES;
				CLANG_ENABLE_OBJC_ARC = YES;
				CLANG_ENABLE_OBJC_WEAK = YES;
				CLANG_WARN_BLOCK_CAPTURE_AUTORELEASING = YES;
				CLANG_WARN_BOOL_CONVERSION = YES;
				CLANG_WARN_COMMA = YES;
				CLANG_WARN_CONSTANT_CONVERSION = YES;
				CLANG_WARN_DEPRECATED_OBJC_IMPLEMENTATIONS = YES;
				CLANG_WARN_DIRECT_OBJC_ISA_USAGE = YES_ERROR;
				CLANG_WARN_DOCUMENTATION_COMMENTS = YES;
				CLANG_WARN_EMPTY_BODY = YES;
				CLANG_WARN_ENUM_CONVERSION = YES;
				CLANG_WARN_INFINITE_RECURSION = YES;
				CLANG_WARN_INT_CONVERSION = YES;
				CLANG_WARN_NON_LITERAL_NULL_CONVERSION = YES;
				CLANG_WARN_OBJC_IMPLICIT_RETAIN_SELF = YES;
				CLANG_WARN_OBJC_LITERAL_CONVERSION = YES;
				CLANG_WARN_OBJC_ROOT_CLASS = YES_ERROR;
				CLANG_WARN_QUOTED_INCLUDE_IN_FRAMEWORK_HEADER = YES;
				CLANG_WARN_RANGE_LOOP_ANALYSIS = YES;
				CLANG_WARN_STRICT_PROTOTYPES = YES;
				CLANG_WARN_SUSPICIOUS_MOVE = YES;
				CLANG_WARN_UNGUARDED_AVAILABILITY = YES_AGGRESSIVE;
				CLANG_WARN_UNREACHABLE_CODE = YES;
				CLANG_WARN__DUPLICATE_METHOD_MATCH = YES;
				COPY_PHASE_STRIP = NO;
				DEBUG_INFORMATION_FORMAT = dwarf;
				ENABLE_STRICT_OBJC_MSGSEND = YES;
				ENABLE_TESTABILITY = YES;
				GCC_C_LANGUAGE_STANDARD = gnu11;
				GCC_DYNAMIC_NO_PIC = NO;
				GCC_NO_COMMON_BLOCKS = YES;
				GCC_OPTIMIZATION_LEVEL = 0;
				GCC_PREPROCESSOR_DEFINITIONS = (
					"DEBUG=1",
					"$(inherited)",
				);
				GCC_WARN_64_TO_32_BIT_CONVERSION = YES;
				GCC_WARN_ABOUT_RETURN_TYPE = YES_ERROR;
				GCC_WARN_UNDECLARED_SELECTOR = YES;
				GCC_WARN_UNINITIALIZED_AUTOS = YES_AGGRESSIVE;
				GCC_WARN_UNUSED_FUNCTION = YES;
				GCC_WARN_UNUSED_VARIABLE = YES;
				IPHONEOS_DEPLOYMENT_TARGET = 16.2;
				MTL_ENABLE_DEBUG_INFO = INCLUDE_SOURCE;
				MTL_FAST_MATH = YES;
				ONLY_ACTIVE_ARCH = YES;
				SDKROOT = iphoneos;
				SWIFT_ACTIVE_COMPILATION_CONDITIONS = DEBUG;
				SWIFT_OPTIMIZATION_LEVEL = "-Onone";
			};
			name = Debug;
		};
		33FA174B296E71AC0062ABA9 /* Release */ = {
			isa = XCBuildConfiguration;
			buildSettings = {
				ALWAYS_SEARCH_USER_PATHS = NO;
				CLANG_ANALYZER_NONNULL = YES;
				CLANG_ANALYZER_NUMBER_OBJECT_CONVERSION = YES_AGGRESSIVE;
				CLANG_CXX_LANGUAGE_STANDARD = "gnu++20";
				CLANG_ENABLE_MODULES = YES;
				CLANG_ENABLE_OBJC_ARC = YES;
				CLANG_ENABLE_OBJC_WEAK = YES;
				CLANG_WARN_BLOCK_CAPTURE_AUTORELEASING = YES;
				CLANG_WARN_BOOL_CONVERSION = YES;
				CLANG_WARN_COMMA = YES;
				CLANG_WARN_CONSTANT_CONVERSION = YES;
				CLANG_WARN_DEPRECATED_OBJC_IMPLEMENTATIONS = YES;
				CLANG_WARN_DIRECT_OBJC_ISA_USAGE = YES_ERROR;
				CLANG_WARN_DOCUMENTATION_COMMENTS = YES;
				CLANG_WARN_EMPTY_BODY = YES;
				CLANG_WARN_ENUM_CONVERSION = YES;
				CLANG_WARN_INFINITE_RECURSION = YES;
				CLANG_WARN_INT_CONVERSION = YES;
				CLANG_WARN_NON_LITERAL_NULL_CONVERSION = YES;
				CLANG_WARN_OBJC_IMPLICIT_RETAIN_SELF = YES;
				CLANG_WARN_OBJC_LITERAL_CONVERSION = YES;
				CLANG_WARN_OBJC_ROOT_CLASS = YES_ERROR;
				CLANG_WARN_QUOTED_INCLUDE_IN_FRAMEWORK_HEADER = YES;
				CLANG_WARN_RANGE_LOOP_ANALYSIS = YES;
				CLANG_WARN_STRICT_PROTOTYPES = YES;
				CLANG_WARN_SUSPICIOUS_MOVE = YES;
				CLANG_WARN_UNGUARDED_AVAILABILITY = YES_AGGRESSIVE;
				CLANG_WARN_UNREACHABLE_CODE = YES;
				CLANG_WARN__DUPLICATE_METHOD_MATCH = YES;
				COPY_PHASE_STRIP = NO;
				DEBUG_INFORMATION_FORMAT = "dwarf-with-dsym";
				ENABLE_NS_ASSERTIONS = NO;
				ENABLE_STRICT_OBJC_MSGSEND = YES;
				GCC_C_LANGUAGE_STANDARD = gnu11;
				GCC_NO_COMMON_BLOCKS = YES;
				GCC_WARN_64_TO_32_BIT_CONVERSION = YES;
				GCC_WARN_ABOUT_RETURN_TYPE = YES_ERROR;
				GCC_WARN_UNDECLARED_SELECTOR = YES;
				GCC_WARN_UNINITIALIZED_AUTOS = YES_AGGRESSIVE;
				GCC_WARN_UNUSED_FUNCTION = YES;
				GCC_WARN_UNUSED_VARIABLE = YES;
				IPHONEOS_DEPLOYMENT_TARGET = 16.2;
				MTL_ENABLE_DEBUG_INFO = NO;
				MTL_FAST_MATH = YES;
				SDKROOT = iphoneos;
				SWIFT_COMPILATION_MODE = wholemodule;
				SWIFT_OPTIMIZATION_LEVEL = "-O";
				VALIDATE_PRODUCT = YES;
			};
			name = Release;
		};
		33FA174D296E71AC0062ABA9 /* Debug */ = {
			isa = XCBuildConfiguration;
			buildSettings = {
				ASSETCATALOG_COMPILER_APPICON_NAME = AppIcon;
				ASSETCATALOG_COMPILER_GLOBAL_ACCENT_COLOR_NAME = AccentColor;
				CODE_SIGN_STYLE = Automatic;
				CURRENT_PROJECT_VERSION = 1;
				DEVELOPMENT_TEAM = 4285Q8GQW5;
				GENERATE_INFOPLIST_FILE = YES;
				INFOPLIST_FILE = "Tabel View/Info.plist";
				INFOPLIST_KEY_UIApplicationSupportsIndirectInputEvents = YES;
				INFOPLIST_KEY_UILaunchStoryboardName = LaunchScreen;
				INFOPLIST_KEY_UIMainStoryboardFile = Main;
				INFOPLIST_KEY_UISupportedInterfaceOrientations_iPad = "UIInterfaceOrientationPortrait UIInterfaceOrientationPortraitUpsideDown UIInterfaceOrientationLandscapeLeft UIInterfaceOrientationLandscapeRight";
				INFOPLIST_KEY_UISupportedInterfaceOrientations_iPhone = "UIInterfaceOrientationPortrait UIInterfaceOrientationLandscapeLeft UIInterfaceOrientationLandscapeRight";
				LD_RUNPATH_SEARCH_PATHS = (
					"$(inherited)",
					"@executable_path/Frameworks",
				);
				MARKETING_VERSION = 1.0;
				PRODUCT_BUNDLE_IDENTIFIER = "parakhprakhar.Tabel-View";
				PRODUCT_NAME = "$(TARGET_NAME)";
				SWIFT_EMIT_LOC_STRINGS = YES;
				SWIFT_VERSION = 5.0;
				TARGETED_DEVICE_FAMILY = "1,2";
			};
			name = Debug;
		};
		33FA174E296E71AC0062ABA9 /* Release */ = {
			isa = XCBuildConfiguration;
			buildSettings = {
				ASSETCATALOG_COMPILER_APPICON_NAME = AppIcon;
				ASSETCATALOG_COMPILER_GLOBAL_ACCENT_COLOR_NAME = AccentColor;
				CODE_SIGN_STYLE = Automatic;
				CURRENT_PROJECT_VERSION = 1;
				DEVELOPMENT_TEAM = 4285Q8GQW5;
				GENERATE_INFOPLIST_FILE = YES;
				INFOPLIST_FILE = "Tabel View/Info.plist";
				INFOPLIST_KEY_UIApplicationSupportsIndirectInputEvents = YES;
				INFOPLIST_KEY_UILaunchStoryboardName = LaunchScreen;
				INFOPLIST_KEY_UIMainStoryboardFile = Main;
				INFOPLIST_KEY_UISupportedInterfaceOrientations_iPad = "UIInterfaceOrientationPortrait UIInterfaceOrientationPortraitUpsideDown UIInterfaceOrientationLandscapeLeft UIInterfaceOrientationLandscapeRight";
				INFOPLIST_KEY_UISupportedInterfaceOrientations_iPhone = "UIInterfaceOrientationPortrait UIInterfaceOrientationLandscapeLeft UIInterfaceOrientationLandscapeRight";
				LD_RUNPATH_SEARCH_PATHS = (
					"$(inherited)",
					"@executable_path/Frameworks",
				);
				MARKETING_VERSION = 1.0;
				PRODUCT_BUNDLE_IDENTIFIER = "parakhprakhar.Tabel-View";
				PRODUCT_NAME = "$(TARGET_NAME)";
				SWIFT_EMIT_LOC_STRINGS = YES;
				SWIFT_VERSION = 5.0;
				TARGETED_DEVICE_FAMILY = "1,2";
			};
			name = Release;
		};
/* End XCBuildConfiguration section */

/* Begin XCConfigurationList section */
		33FA1733296E71AC0062ABA9 /* Build configuration list for PBXProject "Tabel View" */ = {
			isa = XCConfigurationList;
			buildConfigurations = (
				33FA174A296E71AC0062ABA9 /* Debug */,
				33FA174B296E71AC0062ABA9 /* Release */,
			);
			defaultConfigurationIsVisible = 0;
			defaultConfigurationName = Release;
		};
		33FA174C296E71AC0062ABA9 /* Build configuration list for PBXNativeTarget "Tabel View" */ = {
			isa = XCConfigurationList;
			buildConfigurations = (
				33FA174D296E71AC0062ABA9 /* Debug */,
				33FA174E296E71AC0062ABA9 /* Release */,
			);
			defaultConfigurationIsVisible = 0;
			defaultConfigurationName = Release;
		};
/* End XCConfigurationList section */
	};
	rootObject = 33FA1730296E71AC0062ABA9 /* Project object */;
}
